
Microsoft Visual Studio Solution File, Format Version 12.00
# Visual Studio Version 16
VisualStudioVersion = 16.0.31424.327
MinimumVisualStudioVersion = 10.0.40219.1
Project("{FAE04EC0-301F-11D3-BF4B-00C04F79EFBC}") = "GearBatOn", "GearBatOn\GearBatOn.csproj", "{AF2D4003-9A82-43CC-AC88-46C3F2D70A45}"
EndProject
Global
	GlobalSection(SolutionConfigurationPlatforms) = preSolution
		Debug|Any CPU = Debug|Any CPU
		Release|Any CPU = Release|Any CPU
	EndGlobalSection
	GlobalSection(ProjectConfigurationPlatforms) = postSolution
		{AF2D4003-9A82-43CC-AC88-46C3F2D70A45}.Debug|Any CPU.ActiveCfg = Debug|Any CPU
		{AF2D4003-9A82-43CC-AC88-46C3F2D70A45}.Debug|Any CPU.Build.0 = Debug|Any CPU
		{AF2D4003-9A82-43CC-AC88-46C3F2D70A45}.Release|Any CPU.ActiveCfg = Release|Any CPU
		{AF2D4003-9A82-43CC-AC88-46C3F2D70A45}.Release|Any CPU.Build.0 = Release|Any CPU
	EndGlobalSection
	GlobalSection(SolutionProperties) = preSolution
		HideSolutionNode = FALSE
	EndGlobalSection
	GlobalSection(ExtensibilityGlobals) = postSolution
		SolutionGuid = {05F13EBD-9BD8-4781-88C6-E627560DF842}
	EndGlobalSection
EndGlobal
